
Microsoft Visual Studio Solution File, Format Version 12.00
# Visual Studio Version 17
VisualStudioVersion = 17.6.33815.320
MinimumVisualStudioVersion = 10.0.40219.1
Project("{FAE04EC0-301F-11D3-BF4B-00C04F79EFBC}") = "DotNet-Task", "DotNet-Task\DotNet-Task.csproj", "{12D0E0AE-A123-4178-9F09-9913D7FCA709}"
EndProject
Global
	GlobalSection(SolutionConfigurationPlatforms) = preSolution
		Debug|Any CPU = Debug|Any CPU
		Release|Any CPU = Release|Any CPU
	EndGlobalSection
	GlobalSection(ProjectConfigurationPlatforms) = postSolution
		{12D0E0AE-A123-4178-9F09-9913D7FCA709}.Debug|Any CPU.ActiveCfg = Debug|Any CPU
		{12D0E0AE-A123-4178-9F09-9913D7FCA709}.Debug|Any CPU.Build.0 = Debug|Any CPU
		{12D0E0AE-A123-4178-9F09-9913D7FCA709}.Release|Any CPU.ActiveCfg = Release|Any CPU
		{12D0E0AE-A123-4178-9F09-9913D7FCA709}.Release|Any CPU.Build.0 = Release|Any CPU
	EndGlobalSection
	GlobalSection(SolutionProperties) = preSolution
		HideSolutionNode = FALSE
	EndGlobalSection
	GlobalSection(ExtensibilityGlobals) = postSolution
		SolutionGuid = {2A8569FC-4E3B-45ED-B421-6DAC998089C4}
	EndGlobalSection
EndGlobal
